
Microsoft Visual Studio Solution File, Format Version 12.00
# Visual Studio 15
VisualStudioVersion = 15.0.27004.2002
MinimumVisualStudioVersion = 10.0.40219.1
Project("{FAE04EC0-301F-11D3-BF4B-00C04F79EFBC}") = "GroupDocs.Editor.Live.Demos.UI", "src\GroupDocs.Editor.Live.Demos.UI\GroupDocs.Editor.Live.Demos.UI.csproj", "{60CCB9EA-B71B-4CC5-B8E5-5767E518D3EE}"
EndProject
Global
	GlobalSection(SolutionConfigurationPlatforms) = preSolution
		Debug|Any CPU = Debug|Any CPU
		Release|Any CPU = Release|Any CPU
		Staging|Any CPU = Staging|Any CPU
	EndGlobalSection
	GlobalSection(ProjectConfigurationPlatforms) = postSolution
		{60CCB9EA-B71B-4CC5-B8E5-5767E518D3EE}.Debug|Any CPU.ActiveCfg = Debug|Any CPU
		{60CCB9EA-B71B-4CC5-B8E5-5767E518D3EE}.Debug|Any CPU.Build.0 = Debug|Any CPU
		{60CCB9EA-B71B-4CC5-B8E5-5767E518D3EE}.Release|Any CPU.ActiveCfg = Release|Any CPU
		{60CCB9EA-B71B-4CC5-B8E5-5767E518D3EE}.Release|Any CPU.Build.0 = Release|Any CPU
		{60CCB9EA-B71B-4CC5-B8E5-5767E518D3EE}.Staging|Any CPU.ActiveCfg = Staging|Any CPU
		{60CCB9EA-B71B-4CC5-B8E5-5767E518D3EE}.Staging|Any CPU.Build.0 = Staging|Any CPU
	EndGlobalSection
	GlobalSection(SolutionProperties) = preSolution
		HideSolutionNode = FALSE
	EndGlobalSection
	GlobalSection(ExtensibilityGlobals) = postSolution
		SolutionGuid = {A88EA196-6BAD-4AD7-8F6B-58DEE5CC4812}
	EndGlobalSection
EndGlobal
