
Microsoft Visual Studio Solution File, Format Version 12.00
# Visual Studio Version 17
VisualStudioVersion = 17.8.34322.80
MinimumVisualStudioVersion = 10.0.40219.1
Project("{9A19103F-16F7-4668-BE54-9A1E7A4F7556}") = "GroupDocs.Editor.UI.ReactSpaSample", "GroupDocs.Editor.UI.ReactSpaSample.csproj", "{D76064FD-4125-4B46-AAB2-BC4F198A997C}"
EndProject
Global
	GlobalSection(SolutionConfigurationPlatforms) = preSolution
		Debug|Any CPU = Debug|Any CPU
		Release|Any CPU = Release|Any CPU
	EndGlobalSection
	GlobalSection(ProjectConfigurationPlatforms) = postSolution
		{D76064FD-4125-4B46-AAB2-BC4F198A997C}.Debug|Any CPU.ActiveCfg = Debug|Any CPU
		{D76064FD-4125-4B46-AAB2-BC4F198A997C}.Debug|Any CPU.Build.0 = Debug|Any CPU
		{D76064FD-4125-4B46-AAB2-BC4F198A997C}.Release|Any CPU.ActiveCfg = Release|Any CPU
		{D76064FD-4125-4B46-AAB2-BC4F198A997C}.Release|Any CPU.Build.0 = Release|Any CPU
	EndGlobalSection
	GlobalSection(SolutionProperties) = preSolution
		HideSolutionNode = FALSE
	EndGlobalSection
	GlobalSection(ExtensibilityGlobals) = postSolution
		SolutionGuid = {3B6E2592-474F-4F28-B273-754D09DBFA86}
	EndGlobalSection
EndGlobal
